
Microsoft Visual Studio Solution File, Format Version 12.00
# Visual Studio 15
VisualStudioVersion = 15.0.28307.852
MinimumVisualStudioVersion = 10.0.40219.1
Project("{FAE04EC0-301F-11D3-BF4B-00C04F79EFBC}") = "Count number of words in string", "Count number of words in string\Count number of words in string.csproj", "{60EA7373-7655-4C1D-B7B3-9151D21703E0}"
EndProject
Global
	GlobalSection(SolutionConfigurationPlatforms) = preSolution
		Debug|Any CPU = Debug|Any CPU
		Release|Any CPU = Release|Any CPU
	EndGlobalSection
	GlobalSection(ProjectConfigurationPlatforms) = postSolution
		{60EA7373-7655-4C1D-B7B3-9151D21703E0}.Debug|Any CPU.ActiveCfg = Debug|Any CPU
		{60EA7373-7655-4C1D-B7B3-9151D21703E0}.Debug|Any CPU.Build.0 = Debug|Any CPU
		{60EA7373-7655-4C1D-B7B3-9151D21703E0}.Release|Any CPU.ActiveCfg = Release|Any CPU
		{60EA7373-7655-4C1D-B7B3-9151D21703E0}.Release|Any CPU.Build.0 = Release|Any CPU
	EndGlobalSection
	GlobalSection(SolutionProperties) = preSolution
		HideSolutionNode = FALSE
	EndGlobalSection
	GlobalSection(ExtensibilityGlobals) = postSolution
		SolutionGuid = {607A298C-D3A5-4F2A-8895-49A4D8D24B35}
	EndGlobalSection
EndGlobal
